// !$*UTF8*$!
{
	archiveVersion = 1;
	classes = {
	};
	objectVersion = 46;
	objects = {

/* Begin PBXBuildFile section */
		09802C5A1D1A6E5C003CB087 /* AppDelegate.swift in Sources */ = {isa = PBXBuildFile; fileRef = 09802C591D1A6E5C003CB087 /* AppDelegate.swift */; };
		09802C5C1D1A6E5C003CB087 /* ViewController.swift in Sources */ = {isa = PBXBuildFile; fileRef = 09802C5B1D1A6E5C003CB087 /* ViewController.swift */; };
		09802C5F1D1A6E5C003CB087 /* Main.storyboard in Resources */ = {isa = PBXBuildFile; fileRef = 09802C5D1D1A6E5C003CB087 /* Main.storyboard */; };
		09802C611D1A6E5C003CB087 /* Assets.xcassets in Resources */ = {isa = PBXBuildFile; fileRef = 09802C601D1A6E5C003CB087 /* Assets.xcassets */; };
		09802C641D1A6E5C003CB087 /* LaunchScreen.storyboard in Resources */ = {isa = PBXBuildFile; fileRef = 09802C621D1A6E5C003CB087 /* LaunchScreen.storyboard */; };
/* End PBXBuildFile section */

/* Begin PBXFileReference section */
		09802C561D1A6E5B003CB087 /* App_NSUserDefault_Intro.app */ = {isa = PBXFileReference; explicitFileType = wrapper.application; includeInIndex = 0; path = App_NSUserDefault_Intro.app; sourceTree = BUILT_PRODUCTS_DIR; };
		09802C591D1A6E5C003CB087 /* AppDelegate.swift */ = {isa = PBXFileReference; lastKnownFileType = sourcecode.swift; path = AppDelegate.swift; sourceTree = "<group>"; };
		09802C5B1D1A6E5C003CB087 /* ViewController.swift */ = {isa = PBXFileReference; lastKnownFileType = sourcecode.swift; path = ViewController.swift; sourceTree = "<group>"; };
		09802C5E1D1A6E5C003CB087 /* Base */ = {isa = PBXFileReference; lastKnownFileType = file.storyboard; name = Base; path = Base.lproj/Main.storyboard; sourceTree = "<group>"; };
		09802C601D1A6E5C003CB087 /* Assets.xcassets */ = {isa = PBXFileReference; lastKnownFileType = folder.assetcatalog; path = Assets.xcassets; sourceTree = "<group>"; };
		09802C631D1A6E5C003CB087 /* Base */ = {isa = PBXFileReference; lastKnownFileType = file.storyboard; name = Base; path = Base.lproj/LaunchScreen.storyboard; sourceTree = "<group>"; };
		09802C651D1A6E5C003CB087 /* Info.plist */ = {isa = PBXFileReference; lastKnownFileType = text.plist.xml; path = Info.plist; sourceTree = "<group>"; };
/* End PBXFileReference section */

/* Begin PBXFrameworksBuildPhase section */
		09802C531D1A6E5B003CB087 /* Frameworks */ = {
			isa = PBXFrameworksBuildPhase;
			buildActionMask = 2147483647;
			files = (
			);
			runOnlyForDeploymentPostprocessing = 0;
		};
/* End PBXFrameworksBuildPhase section */

/* Begin PBXGroup section */
		09802C4D1D1A6E5B003CB087 = {
			isa = PBXGroup;
			children = (
				09802C581D1A6E5C003CB087 /* App_NSUserDefault_Intro */,
				09802C571D1A6E5B003CB087 /* Products */,
			);
			sourceTree = "<group>";
		};
		09802C571D1A6E5B003CB087 /* Products */ = {
			isa = PBXGroup;
			children = (
				09802C561D1A6E5B003CB087 /* App_NSUserDefault_Intro.app */,
			);
			name = Products;
			sourceTree = "<group>";
		};
		09802C581D1A6E5C003CB087 /* App_NSUserDefault_Intro */ = {
			isa = PBXGroup;
			children = (
				09802C591D1A6E5C003CB087 /* AppDelegate.swift */,
				09802C5B1D1A6E5C003CB087 /* ViewController.swift */,
				09802C5D1D1A6E5C003CB087 /* Main.storyboard */,
				09802C601D1A6E5C003CB087 /* Assets.xcassets */,
				09802C621D1A6E5C003CB087 /* LaunchScreen.storyboard */,
				09802C651D1A6E5C003CB087 /* Info.plist */,
			);
			path = App_NSUserDefault_Intro;
			sourceTree = "<group>";
		};
/* End PBXGroup section */

/* Begin PBXNativeTarget section */
		09802C551D1A6E5B003CB087 /* App_NSUserDefault_Intro */ = {
			isa = PBXNativeTarget;
			buildConfigurationList = 09802C681D1A6E5C003CB087 /* Build configuration list for PBXNativeTarget "App_NSUserDefault_Intro" */;
			buildPhases = (
				09802C521D1A6E5B003CB087 /* Sources */,
				09802C531D1A6E5B003CB087 /* Frameworks */,
				09802C541D1A6E5B003CB087 /* Resources */,
			);
			buildRules = (
			);
			dependencies = (
			);
			name = App_NSUserDefault_Intro;
			productName = App_NSUserDefault_Intro;
			productReference = 09802C561D1A6E5B003CB087 /* App_NSUserDefault_Intro.app */;
			productType = "com.apple.product-type.application";
		};
/* End PBXNativeTarget section */

/* Begin PBXProject section */
		09802C4E1D1A6E5B003CB087 /* Project object */ = {
			isa = PBXProject;
			attributes = {
				LastSwiftUpdateCheck = 0730;
				LastUpgradeCheck = 0730;
				ORGANIZATIONNAME = Cice;
				TargetAttributes = {
					09802C551D1A6E5B003CB087 = {
						CreatedOnToolsVersion = 7.3;
					};
				};
			};
			buildConfigurationList = 09802C511D1A6E5B003CB087 /* Build configuration list for PBXProject "App_NSUserDefault_Intro" */;
			compatibilityVersion = "Xcode 3.2";
			developmentRegion = English;
			hasScannedForEncodings = 0;
			knownRegions = (
				en,
				Base,
			);
			mainGroup = 09802C4D1D1A6E5B003CB087;
			productRefGroup = 09802C571D1A6E5B003CB087 /* Products */;
			projectDirPath = "";
			projectRoot = "";
			targets = (
				09802C551D1A6E5B003CB087 /* App_NSUserDefault_Intro */,
			);
		};
/* End PBXProject section */

/* Begin PBXResourcesBuildPhase section */
		09802C541D1A6E5B003CB087 /* Resources */ = {
			isa = PBXResourcesBuildPhase;
			buildActionMask = 2147483647;
			files = (
				09802C641D1A6E5C003CB087 /* LaunchScreen.storyboard in Resources */,
				09802C611D1A6E5C003CB087 /* Assets.xcassets in Resources */,
				09802C5F1D1A6E5C003CB087 /* Main.storyboard in Resources */,
			);
			runOnlyForDeploymentPostprocessing = 0;
		};
/* End PBXResourcesBuildPhase section */

/* Begin PBXSourcesBuildPhase section */
		09802C521D1A6E5B003CB087 /* Sources */ = {
			isa = PBXSourcesBuildPhase;
			buildActionMask = 2147483647;
			files = (
				09802C5C1D1A6E5C003CB087 /* ViewController.swift in Sources */,
				09802C5A1D1A6E5C003CB087 /* AppDelegate.swift in Sources */,
			);
			runOnlyForDeploymentPostprocessing = 0;
		};
/* End PBXSourcesBuildPhase section */

/* Begin PBXVariantGroup section */
		09802C5D1D1A6E5C003CB087 /* Main.storyboard */ = {
			isa = PBXVariantGroup;
			children = (
				09802C5E1D1A6E5C003CB087 /* Base */,
			);
			name = Main.storyboard;
			sourceTree = "<group>";
		};
		09802C621D1A6E5C003CB087 /* LaunchScreen.storyboard */ = {
			isa = PBXVariantGroup;
			children = (
				09802C631D1A6E5C003CB087 /* Base */,
			);
			name = LaunchScreen.storyboard;
			sourceTree = "<group>";
		};
/* End PBXVariantGroup section */

/* Begin XCBuildConfiguration section */
		09802C661D1A6E5C003CB087 /* Debug */ = {
			isa = XCBuildConfiguration;
			buildSettings = {
				ALWAYS_SEARCH_USER_PATHS = NO;
				CLANG_ANALYZER_NONNULL = YES;
				CLANG_CXX_LANGUAGE_STANDARD = "gnu++0x";
				CLANG_CXX_LIBRARY = "libc++";
				CLANG_ENABLE_MODULES = YES;
				CLANG_ENABLE_OBJC_ARC = YES;
				CLANG_WARN_BOOL_CONVERSION = YES;
				CLANG_WARN_CONSTANT_CONVERSION = YES;
				CLANG_WARN_DIRECT_OBJC_ISA_USAGE = YES_ERROR;
				CLANG_WARN_EMPTY_BODY = YES;
				CLANG_WARN_ENUM_CONVERSION = YES;
				CLANG_WARN_INT_CONVERSION = YES;
				CLANG_WARN_OBJC_ROOT_CLASS = YES_ERROR;
				CLANG_WARN_UNREACHABLE_CODE = YES;
				CLANG_WARN__DUPLICATE_METHOD_MATCH = YES;
				"CODE_SIGN_IDENTITY[sdk=iphoneos*]" = "iPhone Developer";
				COPY_PHASE_STRIP = NO;
				DEBUG_INFORMATION_FORMAT = dwarf;
				ENABLE_STRICT_OBJC_MSGSEND = YES;
				ENABLE_TESTABILITY = YES;
				GCC_C_LANGUAGE_STANDARD = gnu99;
				GCC_DYNAMIC_NO_PIC = NO;
				GCC_NO_COMMON_BLOCKS = YES;
				GCC_OPTIMIZATION_LEVEL = 0;
				GCC_PREPROCESSOR_DEFINITIONS = (
					"DEBUG=1",
					"$(inherited)",
				);
				GCC_WARN_64_TO_32_BIT_CONVERSION = YES;
				GCC_WARN_ABOUT_RETURN_TYPE = YES_ERROR;
				GCC_WARN_UNDECLARED_SELECTOR = YES;
				GCC_WARN_UNINITIALIZED_AUTOS = YES_AGGRESSIVE;
				GCC_WARN_UNUSED_FUNCTION = YES;
				GCC_WARN_UNUSED_VARIABLE = YES;
				IPHONEOS_DEPLOYMENT_TARGET = 9.3;
				MTL_ENABLE_DEBUG_INFO = YES;
				ONLY_ACTIVE_ARCH = YES;
				SDKROOT = iphoneos;
				SWIFT_OPTIMIZATION_LEVEL = "-Onone";
			};
			name = Debug;
		};
		09802C671D1A6E5C003CB087 /* Release */ = {
			isa = XCBuildConfiguration;
			buildSettings = {
				ALWAYS_SEARCH_USER_PATHS = NO;
				CLANG_ANALYZER_NONNULL = YES;
				CLANG_CXX_LANGUAGE_STANDARD = "gnu++0x";
				CLANG_CXX_LIBRARY = "libc++";
				CLANG_ENABLE_MODULES = YES;
				CLANG_ENABLE_OBJC_ARC = YES;
				CLANG_WARN_BOOL_CONVERSION = YES;
				CLANG_WARN_CONSTANT_CONVERSION = YES;
				CLANG_WARN_DIRECT_OBJC_ISA_USAGE = YES_ERROR;
				CLANG_WARN_EMPTY_BODY = YES;
				CLANG_WARN_ENUM_CONVERSION = YES;
				CLANG_WARN_INT_CONVERSION = YES;
				CLANG_WARN_OBJC_ROOT_CLASS = YES_ERROR;
				CLANG_WARN_UNREACHABLE_CODE = YES;
				CLANG_WARN__DUPLICATE_METHOD_MATCH = YES;
				"CODE_SIGN_IDENTITY[sdk=iphoneos*]" = "iPhone Developer";
				COPY_PHASE_STRIP = NO;
				DEBUG_INFORMATION_FORMAT = "dwarf-with-dsym";
				ENABLE_NS_ASSERTIONS = NO;
				ENABLE_STRICT_OBJC_MSGSEND = YES;
				GCC_C_LANGUAGE_STANDARD = gnu99;
				GCC_NO_COMMON_BLOCKS = YES;
				GCC_WARN_64_TO_32_BIT_CONVERSION = YES;
				GCC_WARN_ABOUT_RETURN_TYPE = YES_ERROR;
				GCC_WARN_UNDECLARED_SELECTOR = YES;
				GCC_WARN_UNINITIALIZED_AUTOS = YES_AGGRESSIVE;
				GCC_WARN_UNUSED_FUNCTION = YES;
				GCC_WARN_UNUSED_VARIABLE = YES;
				IPHONEOS_DEPLOYMENT_TARGET = 9.3;
				MTL_ENABLE_DEBUG_INFO = NO;
				SDKROOT = iphoneos;
				VALIDATE_PRODUCT = YES;
			};
			name = Release;
		};
		09802C691D1A6E5C003CB087 /* Debug */ = {
			isa = XCBuildConfiguration;
			buildSettings = {
				ASSETCATALOG_COMPILER_APPICON_NAME = AppIcon;
				INFOPLIST_FILE = App_NSUserDefault_Intro/Info.plist;
				LD_RUNPATH_SEARCH_PATHS = "$(inherited) @executable_path/Frameworks";
				PRODUCT_BUNDLE_IDENTIFIER = "es.cice.App-NSUserDefault-Intro";
				PRODUCT_NAME = "$(TARGET_NAME)";
			};
			name = Debug;
		};
		09802C6A1D1A6E5C003CB087 /* Release */ = {
			isa = XCBuildConfiguration;
			buildSettings = {
				ASSETCATALOG_COMPILER_APPICON_NAME = AppIcon;
				INFOPLIST_FILE = App_NSUserDefault_Intro/Info.plist;
				LD_RUNPATH_SEARCH_PATHS = "$(inherited) @executable_path/Frameworks";
				PRODUCT_BUNDLE_IDENTIFIER = "es.cice.App-NSUserDefault-Intro";
				PRODUCT_NAME = "$(TARGET_NAME)";
			};
			name = Release;
		};
/* End XCBuildConfiguration section */

/* Begin XCConfigurationList section */
		09802C511D1A6E5B003CB087 /* Build configuration list for PBXProject "App_NSUserDefault_Intro" */ = {
			isa = XCConfigurationList;
			buildConfigurations = (
				09802C661D1A6E5C003CB087 /* Debug */,
				09802C671D1A6E5C003CB087 /* Release */,
			);
			defaultConfigurationIsVisible = 0;
			defaultConfigurationName = Release;
		};
		09802C681D1A6E5C003CB087 /* Build configuration list for PBXNativeTarget "App_NSUserDefault_Intro" */ = {
			isa = XCConfigurationList;
			buildConfigurations = (
				09802C691D1A6E5C003CB087 /* Debug */,
				09802C6A1D1A6E5C003CB087 /* Release */,
			);
			defaultConfigurationIsVisible = 0;
		};
/* End XCConfigurationList section */
	};
	rootObject = 09802C4E1D1A6E5B003CB087 /* Project object */;
}
